
Microsoft Visual Studio Solution File, Format Version 12.00
# Visual Studio Version 17
VisualStudioVersion = 17.4.33213.308
MinimumVisualStudioVersion = 10.0.40219.1
Project("{9A19103F-16F7-4668-BE54-9A1E7A4F7556}") = "TodoApi", "TodoApi.csproj", "{70F5C31B-0AF5-482F-A658-E5D429323905}"
EndProject
Global
	GlobalSection(SolutionConfigurationPlatforms) = preSolution
		Debug|Any CPU = Debug|Any CPU
		Release|Any CPU = Release|Any CPU
	EndGlobalSection
	GlobalSection(ProjectConfigurationPlatforms) = postSolution
		{70F5C31B-0AF5-482F-A658-E5D429323905}.Debug|Any CPU.ActiveCfg = Debug|Any CPU
		{70F5C31B-0AF5-482F-A658-E5D429323905}.Debug|Any CPU.Build.0 = Debug|Any CPU
		{70F5C31B-0AF5-482F-A658-E5D429323905}.Release|Any CPU.ActiveCfg = Release|Any CPU
		{70F5C31B-0AF5-482F-A658-E5D429323905}.Release|Any CPU.Build.0 = Release|Any CPU
	EndGlobalSection
	GlobalSection(SolutionProperties) = preSolution
		HideSolutionNode = FALSE
	EndGlobalSection
	GlobalSection(ExtensibilityGlobals) = postSolution
		SolutionGuid = {7765C70C-4E6E-4FAF-A5FC-AD375540CDB9}
	EndGlobalSection
EndGlobal
